
Microsoft Visual Studio Solution File, Format Version 12.00
# Visual Studio 15
VisualStudioVersion = 15.0.28307.645
MinimumVisualStudioVersion = 10.0.40219.1
Project("{FAE04EC0-301F-11D3-BF4B-00C04F79EFBC}") = "TUIAssessmentProject", "TUIAssessmentProject\TUIAssessmentProject.csproj", "{0554AEC9-597C-4191-9E8B-784B47292DEC}"
EndProject
Project("{FAE04EC0-301F-11D3-BF4B-00C04F79EFBC}") = "TUIAssessmentProject.Tests", "TUIAssessmentProject.Tests\TUIAssessmentProject.Tests.csproj", "{CCDB0A32-F50C-4C4E-A713-CB365292A864}"
EndProject
Project("{00D1A9C2-B5F0-4AF3-8072-F6C62B433612}") = "TUIAssesmentData", "TUIAssesmentData\TUIAssesmentData.sqlproj", "{855725B0-B5FE-4161-AFFD-1290D7BA9D17}"
EndProject
Global
	GlobalSection(SolutionConfigurationPlatforms) = preSolution
		Debug|Any CPU = Debug|Any CPU
		Release|Any CPU = Release|Any CPU
	EndGlobalSection
	GlobalSection(ProjectConfigurationPlatforms) = postSolution
		{0554AEC9-597C-4191-9E8B-784B47292DEC}.Debug|Any CPU.ActiveCfg = Debug|Any CPU
		{0554AEC9-597C-4191-9E8B-784B47292DEC}.Debug|Any CPU.Build.0 = Debug|Any CPU
		{0554AEC9-597C-4191-9E8B-784B47292DEC}.Release|Any CPU.ActiveCfg = Release|Any CPU
		{0554AEC9-597C-4191-9E8B-784B47292DEC}.Release|Any CPU.Build.0 = Release|Any CPU
		{CCDB0A32-F50C-4C4E-A713-CB365292A864}.Debug|Any CPU.ActiveCfg = Debug|Any CPU
		{CCDB0A32-F50C-4C4E-A713-CB365292A864}.Debug|Any CPU.Build.0 = Debug|Any CPU
		{CCDB0A32-F50C-4C4E-A713-CB365292A864}.Release|Any CPU.ActiveCfg = Release|Any CPU
		{CCDB0A32-F50C-4C4E-A713-CB365292A864}.Release|Any CPU.Build.0 = Release|Any CPU
		{855725B0-B5FE-4161-AFFD-1290D7BA9D17}.Debug|Any CPU.ActiveCfg = Debug|Any CPU
		{855725B0-B5FE-4161-AFFD-1290D7BA9D17}.Debug|Any CPU.Build.0 = Debug|Any CPU
		{855725B0-B5FE-4161-AFFD-1290D7BA9D17}.Debug|Any CPU.Deploy.0 = Debug|Any CPU
		{855725B0-B5FE-4161-AFFD-1290D7BA9D17}.Release|Any CPU.ActiveCfg = Release|Any CPU
		{855725B0-B5FE-4161-AFFD-1290D7BA9D17}.Release|Any CPU.Build.0 = Release|Any CPU
		{855725B0-B5FE-4161-AFFD-1290D7BA9D17}.Release|Any CPU.Deploy.0 = Release|Any CPU
	EndGlobalSection
	GlobalSection(SolutionProperties) = preSolution
		HideSolutionNode = FALSE
	EndGlobalSection
	GlobalSection(ExtensibilityGlobals) = postSolution
		SolutionGuid = {DDA98D26-2610-49B8-9612-94F5E6AE03FE}
	EndGlobalSection
EndGlobal
